
Microsoft Visual Studio Solution File, Format Version 12.00
# Visual Studio Version 17
VisualStudioVersion = 17.11.35219.272
MinimumVisualStudioVersion = 10.0.40219.1
Project("{FAE04EC0-301F-11D3-BF4B-00C04F79EFBC}") = "SurveyApplication", "SurveyApplication\SurveyApplication.csproj", "{5842CA5A-0AE1-4FA7-8B0C-EA2035ADCF20}"
EndProject
Global
	GlobalSection(SolutionConfigurationPlatforms) = preSolution
		Debug|Any CPU = Debug|Any CPU
		Release|Any CPU = Release|Any CPU
	EndGlobalSection
	GlobalSection(ProjectConfigurationPlatforms) = postSolution
		{5842CA5A-0AE1-4FA7-8B0C-EA2035ADCF20}.Debug|Any CPU.ActiveCfg = Debug|Any CPU
		{5842CA5A-0AE1-4FA7-8B0C-EA2035ADCF20}.Debug|Any CPU.Build.0 = Debug|Any CPU
		{5842CA5A-0AE1-4FA7-8B0C-EA2035ADCF20}.Release|Any CPU.ActiveCfg = Release|Any CPU
		{5842CA5A-0AE1-4FA7-8B0C-EA2035ADCF20}.Release|Any CPU.Build.0 = Release|Any CPU
	EndGlobalSection
	GlobalSection(SolutionProperties) = preSolution
		HideSolutionNode = FALSE
	EndGlobalSection
	GlobalSection(ExtensibilityGlobals) = postSolution
		SolutionGuid = {8996978F-DB85-4705-A10B-5F17A1F1C959}
	EndGlobalSection
EndGlobal
